
Microsoft Visual Studio Solution File, Format Version 12.00
# Visual Studio Version 17
VisualStudioVersion = 17.5.33627.172
MinimumVisualStudioVersion = 10.0.40219.1
Project("{FAE04EC0-301F-11D3-BF4B-00C04F79EFBC}") = "TestTrigger", "TestTrigger\TestTrigger.csproj", "{6D6B54A5-B023-4B6E-A175-B26DDFF91482}"
EndProject
Global
	GlobalSection(SolutionConfigurationPlatforms) = preSolution
		Debug|Any CPU = Debug|Any CPU
		Release|Any CPU = Release|Any CPU
	EndGlobalSection
	GlobalSection(ProjectConfigurationPlatforms) = postSolution
		{6D6B54A5-B023-4B6E-A175-B26DDFF91482}.Debug|Any CPU.ActiveCfg = Debug|Any CPU
		{6D6B54A5-B023-4B6E-A175-B26DDFF91482}.Debug|Any CPU.Build.0 = Debug|Any CPU
		{6D6B54A5-B023-4B6E-A175-B26DDFF91482}.Release|Any CPU.ActiveCfg = Release|Any CPU
		{6D6B54A5-B023-4B6E-A175-B26DDFF91482}.Release|Any CPU.Build.0 = Release|Any CPU
	EndGlobalSection
	GlobalSection(SolutionProperties) = preSolution
		HideSolutionNode = FALSE
	EndGlobalSection
	GlobalSection(ExtensibilityGlobals) = postSolution
		SolutionGuid = {F12D0228-970D-40CA-824A-001F4C8219FD}
	EndGlobalSection
EndGlobal
